lockfileVersion: '9.0'

settings:
  autoInstallPeers: true
  excludeLinksFromLockfile: false

importers:

  .:
    devDependencies:
      '@ast-grep/cli':
        specifier: ^0.43.0
        version: 0.43.0
      js-yaml:
        specifier: ^4.1.1
        version: 4.3.1
      tree-sitter-java:
        specifier: ^0.23.5
        version: 0.23.5
      typescript:
        specifier: ^5.9.2
        version: 5.9.3
      web-tree-sitter:
        specifier: ^0.26.10
        version: 0.26.12

packages:

  '@ast-grep/cli-darwin-arm64@0.43.0':
    resolution: {integrity: sha512-0i63gSBbgriPaRpFsbP3yETxolHPK2JAZbpcGbFOytB7QTnKAguwhlKmIOkUGKfsCzYiEq1awY0EBmvjMONXOg==}
    engines: {node: '>= 10'}
    cpu: [arm64]
    os: [darwin]

  '@ast-grep/cli-darwin-x64@0.43.0':
    resolution: {integrity: sha512-SPkj00HGKpYdqReUmso2ftG5Xgd+bWNFH4i9fubLxsWzn4ey2G6sotPruaOtcrzxb9xH+8kmhN7KJfm1k8Atzg==}
    engines: {node: '>= 10'}
    cpu: [x64]
    os: [darwin]

  '@ast-grep/cli-linux-arm64-gnu@0.43.0':
    resolution: {integrity: sha512-U8+2fkcY8sBxNHHBYZ33vTa7C97GFAB+Kj6gFzVMSqK8Ve1Aw+DxhVWD4i/PBryDdmWb4/erjGSkTQtdhVa2vg==}
    engines: {node: '>= 10'}
    cpu: [arm64]
    os: [linux]

  '@ast-grep/cli-linux-x64-gnu@0.43.0':
    resolution: {integrity: sha512-r/o9Mag6OZmGevY9OJjatuUKDOX1rSvgo29qSfxpMbIciiH3hkzEW/2w1xTPZI8xnM7iC+k+CkGoknmoXVTYGg==}
    engines: {node: '>= 10'}
    cpu: [x64]
    os: [linux]

  '@ast-grep/cli-win32-arm64-msvc@0.43.0':
    resolution: {integrity: sha512-oHa4ruD87xccnqFuR+Pmx6F/suHV0YtibuyZ6SxUqgpNJAFZiUNAiFblzhEgQ5gp03e8B012P/Yy/7GYOvxOLg==}
    engines: {node: '>= 10'}
    cpu: [arm64]
    os: [win32]

  '@ast-grep/cli-win32-ia32-msvc@0.43.0':
    resolution: {integrity: sha512-RSzz9bKzSEutWgX7/g84guudEp75Q990CYpG/TBasdJP+U27zX8aA9d5p1+o/lF0hw3UoTYuFCGG8PU/QelfNQ==}
    engines: {node: '>= 10'}
    cpu: [ia32]
    os: [win32]

  '@ast-grep/cli-win32-x64-msvc@0.43.0':
    resolution: {integrity: sha512-/5dDD9B65vVuHCdVHN5+tIDquhE5s43S5CgEn88w1BgQaoayf+nRnUO4ZFez6SqyCGqAfa/yZdoaOQ9N2ySa1w==}
    engines: {node: '>= 10'}
    cpu: [x64]
    os: [win32]

  '@ast-grep/cli@0.43.0':
    resolution: {integrity: sha512-DGi6xXAOBJubGg9QWqTeW8PzKSGHWEOa3uxXspEfYf532yb3lHmNJAcKMl1d+O9Xs9bTcNeDLC8se+O+tirEFQ==}
    engines: {node: '>= 12.0.0'}
    hasBin: true

  argparse@2.0.1:
    resolution: {integrity: sha512-8+9WqebbFzpX9OR+Wa6O29asIogeRMzcGtAINdpMHHyAg10f05aSFVBbcEqGf/PXw1EjAZ+q2/bEBg3DvurK3Q==}

  detect-libc@2.1.2:
    resolution: {integrity: sha512-Btj2BOOO83o3WyH59e8MgXsxEQVcarkUOpEYrubB0urwnN10yQ364rsiByU11nZlqWYZm05i/of7io4mzihBtQ==}
    engines: {node: '>=8'}

  js-yaml@4.3.1:
    resolution: {integrity: sha512-CY6crGq313MX8GkwvB7tzgp99vjQxY1++5y10/BKN/GUfHqWaOGQMNZkBvqSzsZKWk/ijwHlWzzkLulsGHhjWQ==}
    hasBin: true

  node-addon-api@8.9.1:
    resolution: {integrity: sha512-4eUQWVPCUUUiBjLnHS3cXWeC6ryoPUc0U3rP7IuzapoGbzMqd/r6KKO0clr0b+snQhsrueFEhCZDdK+LK7hxKg==}
    engines: {node: ^18 || ^20 || >= 21}

  node-gyp-build@4.8.4:
    resolution: {integrity: sha512-LA4ZjwlnUblHVgq0oBF3Jl/6h/Nvs5fzBLwdEF4nuxnFdsfajde4WfxtJr3CaiH+F6ewcIB/q4jQ4UzPyid+CQ==}
    hasBin: true

  tree-sitter-java@0.23.5:
    resolution: {integrity: sha512-Yju7oQ0Xx7GcUT01mUglPP+bYfvqjNCGdxqigTnew9nLGoII42PNVP3bHrYeMxswiCRM0yubWmN5qk+zsg0zMA==}
    peerDependencies:
      tree-sitter: ^0.21.1
    peerDependenciesMeta:
      tree-sitter:
        optional: true

  typescript@5.9.3:
    resolution: {integrity: sha512-jl1vZzPDinLr9eUt3J/t7V6FgNEw9QjvBPdysz9KfQDD41fQrC2Y4vKQdiaUpFT4bXlb1RHhLpp8wtm6M5TgSw==}
    engines: {node: '>=14.17'}
    hasBin: true

  web-tree-sitter@0.26.12:
    resolution: {integrity: sha512-fvqTNZQBGUgUgfP0mHw+iHf9Yf6bRQrp0A3pSf2v/hSKxkT1beCoIWoLVmlPL7O6dmySfSb/t1aJoJvrgTRStw==}

snapshots:

  '@ast-grep/cli-darwin-arm64@0.43.0':
    optional: true

  '@ast-grep/cli-darwin-x64@0.43.0':
    optional: true

  '@ast-grep/cli-linux-arm64-gnu@0.43.0':
    optional: true

  '@ast-grep/cli-linux-x64-gnu@0.43.0':
    optional: true

  '@ast-grep/cli-win32-arm64-msvc@0.43.0':
    optional: true

  '@ast-grep/cli-win32-ia32-msvc@0.43.0':
    optional: true

  '@ast-grep/cli-win32-x64-msvc@0.43.0':
    optional: true

  '@ast-grep/cli@0.43.0':
    dependencies:
      detect-libc: 2.1.2
    optionalDependencies:
      '@ast-grep/cli-darwin-arm64': 0.43.0
      '@ast-grep/cli-darwin-x64': 0.43.0
      '@ast-grep/cli-linux-arm64-gnu': 0.43.0
      '@ast-grep/cli-linux-x64-gnu': 0.43.0
      '@ast-grep/cli-win32-arm64-msvc': 0.43.0
      '@ast-grep/cli-win32-ia32-msvc': 0.43.0
      '@ast-grep/cli-win32-x64-msvc': 0.43.0

  argparse@2.0.1: {}

  detect-libc@2.1.2: {}

  js-yaml@4.3.1:
    dependencies:
      argparse: 2.0.1

  node-addon-api@8.9.1: {}

  node-gyp-build@4.8.4: {}

  tree-sitter-java@0.23.5:
    dependencies:
      node-addon-api: 8.9.1
      node-gyp-build: 4.8.4

  typescript@5.9.3: {}

  web-tree-sitter@0.26.12: {}
